
Microsoft Visual Studio Solution File, Format Version 12.00
# Visual Studio Version 16
VisualStudioVersion = 16.0.29509.3
MinimumVisualStudioVersion = 10.0.40219.1
Project("{9A19103F-16F7-4668-BE54-9A1E7A4F7556}") = "AoC.Runner", "AoC.Runner\AoC.Runner.csproj", "{A725CCE9-FD81-410B-9CD4-603DF85DFF69}"
EndProject
Project("{9A19103F-16F7-4668-BE54-9A1E7A4F7556}") = "AoC.Helpers", "AoC.Helpers\AoC.Helpers.csproj", "{C6A91C60-DCAA-4714-BC9E-A6BE2F0DBBB3}"
EndProject
Project("{9A19103F-16F7-4668-BE54-9A1E7A4F7556}") = "AoC.Y2018", "AoC.Y2018\AoC.Y2018.csproj", "{3165FBC9-3DE4-44C2-A6D2-0A419110C2A5}"
EndProject
Project("{9A19103F-16F7-4668-BE54-9A1E7A4F7556}") = "AoC.Y2018.Tests", "AoC.Y2018.Tests\AoC.Y2018.Tests.csproj", "{B75FE34E-DF6B-41B5-8C57-4959BCB79107}"
EndProject
Project("{2150E333-8FDC-42A3-9474-1A3956D46DE8}") = "2018", "2018", "{98AFD66F-1A64-4351-9B69-C23B95E1065A}"
EndProject
Project("{2150E333-8FDC-42A3-9474-1A3956D46DE8}") = "2019", "2019", "{1518AF9E-53D5-47CE-B4AA-A30620791A25}"
EndProject
Project("{9A19103F-16F7-4668-BE54-9A1E7A4F7556}") = "AoC.Y2019", "AoC.Y2019\AoC.Y2019.csproj", "{F111B417-8281-43B0-9650-55EBBA41B34E}"
EndProject
Project("{9A19103F-16F7-4668-BE54-9A1E7A4F7556}") = "AoC.Y2019.Tests", "AoC.Y2019.Tests\AoC.Y2019.Tests.csproj", "{3EDEBF6A-884B-427A-BDA1-4D00EFC8F587}"
EndProject
Project("{2150E333-8FDC-42A3-9474-1A3956D46DE8}") = "2015", "2015", "{359003A3-252B-4F30-9903-80D8A84FD034}"
EndProject
Project("{FAE04EC0-301F-11D3-BF4B-00C04F79EFBC}") = "AoC.Y2015", "AoC.Y2015\AoC.Y2015.csproj", "{B4C025B5-B33C-4A95-8795-86304A273F6C}"
EndProject
Project("{FAE04EC0-301F-11D3-BF4B-00C04F79EFBC}") = "AoC.Y2015.Tests", "AoC.Y2015.Tests\AoC.Y2015.Tests.csproj", "{C19612B7-629C-42D9-B726-41F064A8FF49}"
EndProject
Project("{2150E333-8FDC-42A3-9474-1A3956D46DE8}") = "2016", "2016", "{E6E9D57F-8D43-4E66-92FE-D6F168A4CCF8}"
EndProject
Project("{FAE04EC0-301F-11D3-BF4B-00C04F79EFBC}") = "AoC.Y2016", "AoC.Y2016\AoC.Y2016.csproj", "{7BA274B5-A653-484A-B6BF-EF0BE08F88E3}"
EndProject
Project("{FAE04EC0-301F-11D3-BF4B-00C04F79EFBC}") = "AoC.Y2016.Tests", "AoC.Y2016.Tests\AoC.Y2016.Tests.csproj", "{A2DB1DF1-9DB4-4A75-9A18-75089191E7B2}"
EndProject
Project("{2150E333-8FDC-42A3-9474-1A3956D46DE8}") = "2017", "2017", "{E979422C-8F7E-4939-B56F-BBB29C9CFED4}"
EndProject
Project("{FAE04EC0-301F-11D3-BF4B-00C04F79EFBC}") = "AoC.Y2017", "AoC.Y2017\AoC.Y2017.csproj", "{7426E83F-6D09-47B8-8DC1-65CCCF88D950}"
EndProject
Project("{FAE04EC0-301F-11D3-BF4B-00C04F79EFBC}") = "AoC.Y2017.Tests", "AoC.Y2017.Tests\AoC.Y2017.Tests.csproj", "{944B45DA-0CB1-4D98-9C0A-3E8738831E2F}"
EndProject
Global
	GlobalSection(SolutionConfigurationPlatforms) = preSolution
		Debug|Any CPU = Debug|Any CPU
		Release|Any CPU = Release|Any CPU
	EndGlobalSection
	GlobalSection(ProjectConfigurationPlatforms) = postSolution
		{A725CCE9-FD81-410B-9CD4-603DF85DFF69}.Debug|Any CPU.ActiveCfg = Debug|Any CPU
		{A725CCE9-FD81-410B-9CD4-603DF85DFF69}.Debug|Any CPU.Build.0 = Debug|Any CPU
		{A725CCE9-FD81-410B-9CD4-603DF85DFF69}.Release|Any CPU.ActiveCfg = Release|Any CPU
		{A725CCE9-FD81-410B-9CD4-603DF85DFF69}.Release|Any CPU.Build.0 = Release|Any CPU
		{C6A91C60-DCAA-4714-BC9E-A6BE2F0DBBB3}.Debug|Any CPU.ActiveCfg = Debug|Any CPU
		{C6A91C60-DCAA-4714-BC9E-A6BE2F0DBBB3}.Debug|Any CPU.Build.0 = Debug|Any CPU
		{C6A91C60-DCAA-4714-BC9E-A6BE2F0DBBB3}.Release|Any CPU.ActiveCfg = Release|Any CPU
		{C6A91C60-DCAA-4714-BC9E-A6BE2F0DBBB3}.Release|Any CPU.Build.0 = Release|Any CPU
		{3165FBC9-3DE4-44C2-A6D2-0A419110C2A5}.Debug|Any CPU.ActiveCfg = Debug|Any CPU
		{3165FBC9-3DE4-44C2-A6D2-0A419110C2A5}.Debug|Any CPU.Build.0 = Debug|Any CPU
		{3165FBC9-3DE4-44C2-A6D2-0A419110C2A5}.Release|Any CPU.ActiveCfg = Release|Any CPU
		{3165FBC9-3DE4-44C2-A6D2-0A419110C2A5}.Release|Any CPU.Build.0 = Release|Any CPU
		{B75FE34E-DF6B-41B5-8C57-4959BCB79107}.Debug|Any CPU.ActiveCfg = Debug|Any CPU
		{B75FE34E-DF6B-41B5-8C57-4959BCB79107}.Debug|Any CPU.Build.0 = Debug|Any CPU
		{B75FE34E-DF6B-41B5-8C57-4959BCB79107}.Release|Any CPU.ActiveCfg = Release|Any CPU
		{B75FE34E-DF6B-41B5-8C57-4959BCB79107}.Release|Any CPU.Build.0 = Release|Any CPU
		{F111B417-8281-43B0-9650-55EBBA41B34E}.Debug|Any CPU.ActiveCfg = Debug|Any CPU
		{F111B417-8281-43B0-9650-55EBBA41B34E}.Debug|Any CPU.Build.0 = Debug|Any CPU
		{F111B417-8281-43B0-9650-55EBBA41B34E}.Release|Any CPU.ActiveCfg = Release|Any CPU
		{F111B417-8281-43B0-9650-55EBBA41B34E}.Release|Any CPU.Build.0 = Release|Any CPU
		{3EDEBF6A-884B-427A-BDA1-4D00EFC8F587}.Debug|Any CPU.ActiveCfg = Debug|Any CPU
		{3EDEBF6A-884B-427A-BDA1-4D00EFC8F587}.Debug|Any CPU.Build.0 = Debug|Any CPU
		{3EDEBF6A-884B-427A-BDA1-4D00EFC8F587}.Release|Any CPU.ActiveCfg = Release|Any CPU
		{3EDEBF6A-884B-427A-BDA1-4D00EFC8F587}.Release|Any CPU.Build.0 = Release|Any CPU
		{B4C025B5-B33C-4A95-8795-86304A273F6C}.Debug|Any CPU.ActiveCfg = Debug|Any CPU
		{B4C025B5-B33C-4A95-8795-86304A273F6C}.Debug|Any CPU.Build.0 = Debug|Any CPU
		{B4C025B5-B33C-4A95-8795-86304A273F6C}.Release|Any CPU.ActiveCfg = Release|Any CPU
		{B4C025B5-B33C-4A95-8795-86304A273F6C}.Release|Any CPU.Build.0 = Release|Any CPU
		{C19612B7-629C-42D9-B726-41F064A8FF49}.Debug|Any CPU.ActiveCfg = Debug|Any CPU
		{C19612B7-629C-42D9-B726-41F064A8FF49}.Debug|Any CPU.Build.0 = Debug|Any CPU
		{C19612B7-629C-42D9-B726-41F064A8FF49}.Release|Any CPU.ActiveCfg = Release|Any CPU
		{C19612B7-629C-42D9-B726-41F064A8FF49}.Release|Any CPU.Build.0 = Release|Any CPU
		{7BA274B5-A653-484A-B6BF-EF0BE08F88E3}.Debug|Any CPU.ActiveCfg = Debug|Any CPU
		{7BA274B5-A653-484A-B6BF-EF0BE08F88E3}.Debug|Any CPU.Build.0 = Debug|Any CPU
		{7BA274B5-A653-484A-B6BF-EF0BE08F88E3}.Release|Any CPU.ActiveCfg = Release|Any CPU
		{7BA274B5-A653-484A-B6BF-EF0BE08F88E3}.Release|Any CPU.Build.0 = Release|Any CPU
		{A2DB1DF1-9DB4-4A75-9A18-75089191E7B2}.Debug|Any CPU.ActiveCfg = Debug|Any CPU
		{A2DB1DF1-9DB4-4A75-9A18-75089191E7B2}.Debug|Any CPU.Build.0 = Debug|Any CPU
		{A2DB1DF1-9DB4-4A75-9A18-75089191E7B2}.Release|Any CPU.ActiveCfg = Release|Any CPU
		{A2DB1DF1-9DB4-4A75-9A18-75089191E7B2}.Release|Any CPU.Build.0 = Release|Any CPU
		{7426E83F-6D09-47B8-8DC1-65CCCF88D950}.Debug|Any CPU.ActiveCfg = Debug|Any CPU
		{7426E83F-6D09-47B8-8DC1-65CCCF88D950}.Debug|Any CPU.Build.0 = Debug|Any CPU
		{7426E83F-6D09-47B8-8DC1-65CCCF88D950}.Release|Any CPU.ActiveCfg = Release|Any CPU
		{7426E83F-6D09-47B8-8DC1-65CCCF88D950}.Release|Any CPU.Build.0 = Release|Any CPU
		{944B45DA-0CB1-4D98-9C0A-3E8738831E2F}.Debug|Any CPU.ActiveCfg = Debug|Any CPU
		{944B45DA-0CB1-4D98-9C0A-3E8738831E2F}.Debug|Any CPU.Build.0 = Debug|Any CPU
		{944B45DA-0CB1-4D98-9C0A-3E8738831E2F}.Release|Any CPU.ActiveCfg = Release|Any CPU
		{944B45DA-0CB1-4D98-9C0A-3E8738831E2F}.Release|Any CPU.Build.0 = Release|Any CPU
	EndGlobalSection
	GlobalSection(SolutionProperties) = preSolution
		HideSolutionNode = FALSE
	EndGlobalSection
	GlobalSection(NestedProjects) = preSolution
		{3165FBC9-3DE4-44C2-A6D2-0A419110C2A5} = {98AFD66F-1A64-4351-9B69-C23B95E1065A}
		{B75FE34E-DF6B-41B5-8C57-4959BCB79107} = {98AFD66F-1A64-4351-9B69-C23B95E1065A}
		{F111B417-8281-43B0-9650-55EBBA41B34E} = {1518AF9E-53D5-47CE-B4AA-A30620791A25}
		{3EDEBF6A-884B-427A-BDA1-4D00EFC8F587} = {1518AF9E-53D5-47CE-B4AA-A30620791A25}
		{B4C025B5-B33C-4A95-8795-86304A273F6C} = {359003A3-252B-4F30-9903-80D8A84FD034}
		{C19612B7-629C-42D9-B726-41F064A8FF49} = {359003A3-252B-4F30-9903-80D8A84FD034}
		{7BA274B5-A653-484A-B6BF-EF0BE08F88E3} = {E6E9D57F-8D43-4E66-92FE-D6F168A4CCF8}
		{A2DB1DF1-9DB4-4A75-9A18-75089191E7B2} = {E6E9D57F-8D43-4E66-92FE-D6F168A4CCF8}
		{7426E83F-6D09-47B8-8DC1-65CCCF88D950} = {E979422C-8F7E-4939-B56F-BBB29C9CFED4}
		{944B45DA-0CB1-4D98-9C0A-3E8738831E2F} = {E979422C-8F7E-4939-B56F-BBB29C9CFED4}
	EndGlobalSection
	GlobalSection(ExtensibilityGlobals) = postSolution
		SolutionGuid = {1ADA08C9-11B2-4361-86D8-8AB9FD2F2952}
	EndGlobalSection
EndGlobal
